{"1.1.0",
[{<<"base16">>,{pkg,<<"base16">>,<<"1.0.0">>},0},
 {<<"bson">>,
  {git,"git://github.com/comtihon/bson-erlang",
       {ref,"14308ab927cfa69324742c3de720578094e0bb19"}},
  1},
 {<<"cf">>,{pkg,<<"cf">>,<<"0.2.2">>},1},
 {<<"cowboy">>,{pkg,<<"cowboy">>,<<"1.1.2">>},0},
 {<<"cowlib">>,{pkg,<<"cowlib">>,<<"1.0.2">>},1},
 {<<"cuttlefish">>,{pkg,<<"cuttlefish">>,<<"2.0.11">>},1},
 {<<"ddb_client">>,{pkg,<<"ddb_client">>,<<"0.5.7">>},2},
 {<<"ddb_connection">>,{pkg,<<"ddb_connection">>,<<"0.4.2">>},1},
 {<<"dflow">>,{pkg,<<"dflow">>,<<"0.3.0">>},1},
 {<<"dproto">>,{pkg,<<"dproto">>,<<"0.5.2">>},1},
 {<<"dqe">>,
  {git,"https://github.com/outlyerapp/dqe.git",
       {ref,"8f61ce929dc1aa7a4405253afd9936060c543264"}},
  0},
 {<<"dqe_fun">>,{pkg,<<"dqe_fun">>,<<"0.2.1">>},1},
 {<<"dqe_idx">>,{pkg,<<"dqe_idx">>,<<"0.3.0">>},1},
 {<<"dqe_idx_ddb">>,{pkg,<<"dqe_idx_ddb">>,<<"0.4.0">>},1},
 {<<"dqe_idx_pg">>,
  {git,"https://github.com/outlyerapp/dqe_idx_pg.git",
       {ref,"15af8d75e83e47d5a8a7de9bb5d5f6319ccbec1e"}},
  0},
 {<<"dynamic_compile">>,{pkg,<<"dynamic_compile">>,<<"1.0.0">>},1},
 {<<"ejwt">>,{pkg,<<"ejwt">>,<<"0.1.0">>},0},
 {<<"eper">>,{pkg,<<"eper">>,<<"0.94.0">>},0},
 {<<"epgsql">>,{pkg,<<"epgsql">>,<<"3.3.0">>},1},
 {<<"erlware_commons">>,{pkg,<<"erlware_commons">>,<<"1.0.0">>},0},
 {<<"fifo_lager">>,{pkg,<<"fifo_lager">>,<<"0.1.6">>},0},
 {<<"fifo_utils">>,{pkg,<<"fifo_utils">>,<<"0.1.38">>},0},
 {<<"getopt">>,{pkg,<<"getopt">>,<<"0.8.2">>},2},
 {<<"goldrush">>,{pkg,<<"goldrush">>,<<"0.1.9">>},1},
 {<<"hdr_histogram">>,{pkg,<<"hdr_histogram">>,<<"0.2.0">>},1},
 {<<"ibrowse">>,{pkg,<<"ibrowse">>,<<"4.4.0">>},1},
 {<<"jsone">>,{pkg,<<"jsone">>,<<"1.2.6">>},0},
 {<<"jsx">>,{pkg,<<"jsx">>,<<"2.8.0">>},1},
 {<<"jsxd">>,{pkg,<<"jsxd">>,<<"0.2.4">>},2},
 {<<"lager">>,{pkg,<<"lager">>,<<"3.5.1">>},0},
 {<<"lager_graylog">>,{pkg,<<"lager_graylog">>,<<"0.1.3">>},1},
 {<<"lager_logstash_backend">>,
  {pkg,<<"lager_logstash_backend">>,<<"0.1.3">>},
  1},
 {<<"mmath">>,{pkg,<<"mmath">>,<<"0.2.17">>},1},
 {<<"mongodb">>,
  {git,"https://github.com/comtihon/mongodb-erlang.git",
       {ref,"87610554a63f095f8b7722a80540507cf1c504a1"}},
  0},
 {<<"msgpack">>,{pkg,<<"msgpack">>,<<"0.3.5">>},0},
 {<<"otters">>,{pkg,<<"otters">>,<<"0.2.10">>},0},
 {<<"pbkdf2">>,
  {git,"git@github.com:comtihon/erlang-pbkdf2.git",
       {ref,"7076584f5377e98600a7e2cb81980b2992fb2f71"}},
  1},
 {<<"pgapp">>,
  {git,"https://github.com/dalmatinerdb/pgapp.git",
       {ref,"81698c02c33da0544ce7a8b657a342dcb1662aba"}},
  0},
 {<<"poolboy">>,{pkg,<<"poolboy">>,<<"1.5.1">>},0},
 {<<"qdate">>,
  {git,"https://github.com/dalmatinerdb/qdate.git",
       {ref,"fcfb8105014b8bef19f50dd89647c0e58dae0903"}},
  1},
 {<<"qdate_localtime">>,{pkg,<<"qdate_localtime">>,<<"1.1.0">>},2},
 {<<"quickrand">>,{pkg,<<"quickrand">>,<<"1.5.4">>},2},
 {<<"ranch">>,{pkg,<<"ranch">>,<<"1.2.1">>},0},
 {<<"recon">>,{pkg,<<"recon">>,<<"2.3.2">>},0},
 {<<"snappiest">>,{pkg,<<"snappiest">>,<<"1.2.0">>},2},
 {<<"sqlmig">>,{pkg,<<"sqlmig">>,<<"0.1.4">>},1},
 {<<"uuid">>,{pkg,<<"uuid_erl">>,<<"1.5.4">>},1}]}.
[
{pkg_hash,[
 {<<"base16">>, <<"283644E2B21BD5915ACB7178BED7851FB07C6E5749B8FAD68A53C501092176D9">>},
 {<<"cf">>, <<"7F2913FFF90ABCABD0F489896CFEB0B0674F6C8DF6C10B17A83175448029896C">>},
 {<<"cowboy">>, <<"61AC29EA970389A88ECA5A65601460162D370A70018AFE6F949A29DCA91F3BB0">>},
 {<<"cowlib">>, <<"9D769A1D062C9C3AC753096F868CA121E2730B9A377DE23DEC0F7E08B1DF84EE">>},
 {<<"cuttlefish">>, <<"D266AC68BA801803ACE4EF3DEC0FC419F184092E1882E19F7AFC29A6D4334E6A">>},
 {<<"ddb_client">>, <<"1BC5836D3EB6786778F6DD202B64D4649DAA44C8882FA2001BB22C1CA17C72E1">>},
 {<<"ddb_connection">>, <<"D59222829EE5DFF89690AAD2E26D422C30BB14F1AA5A61A7921BF02D58735DB8">>},
 {<<"dflow">>, <<"DA0EB8F14B01ED894BD32F1CEE3B13646DFC30FA60D59B408BFCD0653E0984D7">>},
 {<<"dproto">>, <<"D1C9929353589BD395CAB3E5C6E1CFC4DC8B0660527145E2DD221771D4467ABD">>},
 {<<"dqe_fun">>, <<"6A634A0DC40D82365C7DE8BFEE6485E1A64770E6568497DEA70926DF46CE9B7C">>},
 {<<"dqe_idx">>, <<"EDCA91E5130C532D4B33AF678197ADC25AA4FA7471AC75033290F8AD8392874D">>},
 {<<"dqe_idx_ddb">>, <<"815DB58A7ED01A7040E43A9228DDD119738C4C743F1F33D61E550AAE83CF4319">>},
 {<<"dynamic_compile">>, <<"8171B2CB4953EA3ED2EF63F5B26ABF677ACD0CA32210C2A08A7A8406A743F76B">>},
 {<<"ejwt">>, <<"80CD951D1D14DAFAC1B78509AC7D6480FBC311953A30AF4FEE5CEEFA44BFA2AD">>},
 {<<"eper">>, <<"F5FB2DAA0DF8878748E1C598428EDA942A173E5121FF35C1D632129B84593A3A">>},
 {<<"epgsql">>, <<"974A578340E52012CBAB820CE756E7ED1DF1BAF0110C59A6753D8337A2CF9454">>},
 {<<"erlware_commons">>, <<"087467DE5833C0BB5B3CCDD387F9E9C1FB816A75B7A709629BF24B5ED3246C51">>},
 {<<"fifo_lager">>, <<"5D350A2C85F27F776B28E022A731B1B2F4A8C0D1703416C2553C4046AA09E837">>},
 {<<"fifo_utils">>, <<"0C2B3255442A7ABC6ACB2FD4DF1894861D6740ADDBEEF6B785CB35182A125E4D">>},
 {<<"getopt">>, <<"B17556DB683000BA50370B16C0619DF1337E7AF7ECBF7D64FBF8D1D6BCE3109B">>},
 {<<"goldrush">>, <<"F06E5D5F1277DA5C413E84D5A2924174182FB108DABB39D5EC548B27424CD106">>},
 {<<"hdr_histogram">>, <<"95A7EC3C8FA354E4CFBFC8F4168EE8F07BD3965CA22B9C45B2A2C9D13B03DCEC">>},
 {<<"ibrowse">>, <<"2D923325EFE0D2CB09B9C6A047B2835A5EDA69D8A47ED6FF8BC03628B764E991">>},
 {<<"jsone">>, <<"3EED1BC3F34D5727A011AB84A20230F4BDD8BB2B9C07C3AD0DCF412410231A74">>},
 {<<"jsx">>, <<"749BEC6D205C694AE1786D62CEA6CC45A390437E24835FD16D12D74F07097727">>},
 {<<"jsxd">>, <<"C14114AFCA463F2D03D3FB6CC81FD51CDA8CA86A47E5AC3ABDF0CA572A73A413">>},
 {<<"lager">>, <<"63897A61AF646C59BB928FEE9756CE8BDD02D5A1A2F3551D4A5E38386C2CC071">>},
 {<<"lager_graylog">>, <<"B81F6CC71198F0CF113E74395A12F9C87E22F7B57F5E484A4802413E2A5B8F2C">>},
 {<<"lager_logstash_backend">>, <<"86E7FBE08B34DAF9341E9FC397EADFCD7C1ABA0A0EA901FA7A4C454A3C4C335C">>},
 {<<"mmath">>, <<"DFD52637B19F1EEF6B0AAAC473CAC2FC27A7190B6A6420454A917423527F3030">>},
 {<<"msgpack">>, <<"1C46114241011452DEEC8145851745A0BB5B637CEE028D4D4ADB9DC3527AF06A">>},
 {<<"otters">>, <<"31A7B47D50E14B15CAE380D060F666A54A2D79688BCC29D4CCB70E2FE05B0EA8">>},
 {<<"poolboy">>, <<"6B46163901CFD0A1B43D692657ED9D7E599853B3B21B95AE5AE0A777CF9B6CA8">>},
 {<<"qdate_localtime">>, <<"5F6C3ACF10ECC5A7E2EFA3DCD2C863102B962188DBD9E086EC01D29FE029DA29">>},
 {<<"quickrand">>, <<"47ADD4755CC5F209CBEFFD6F47C84061196CD7FAD99FD8FD12418EB0D06B939D">>},
 {<<"ranch">>, <<"A6FB992C10F2187B46FFD17CE398DDF8A54F691B81768F9EF5F461EA7E28C762">>},
 {<<"recon">>, <<"4444C879BE323B1B133EEC5241CB84BD3821EA194C740D75617E106BE4744318">>},
 {<<"snappiest">>, <<"25706FEBB5ECAEA900D879A89C6D967C8D1BF700F8546BEBD0DEA514A8CCBFB7">>},
 {<<"sqlmig">>, <<"73163B3842A81EEBBF78A38D5FA03D2430863AE79DACCF588CD9EFFD48470A6C">>},
 {<<"uuid">>, <<"06240EFF3EAF013CC22274689B0C1FF6345645EE5D47A9E4ED7545EEB7698B23">>}]}
].
